
Microsoft Visual Studio Solution File, Format Version 12.00
# Visual Studio Version 17
VisualStudioVersion = 17.11.35327.3
MinimumVisualStudioVersion = 10.0.40219.1
Project("{FAE04EC0-301F-11D3-BF4B-00C04F79EFBC}") = "TaskMangementSystem", "TaskMangementSystem\TaskMangementSystem.csproj", "{70F994C6-4CDE-4B0A-A17E-B802774E37E4}"
EndProject
Global
	GlobalSection(SolutionConfigurationPlatforms) = preSolution
		Debug|Any CPU = Debug|Any CPU
		Release|Any CPU = Release|Any CPU
	EndGlobalSection
	GlobalSection(ProjectConfigurationPlatforms) = postSolution
		{70F994C6-4CDE-4B0A-A17E-B802774E37E4}.Debug|Any CPU.ActiveCfg = Debug|Any CPU
		{70F994C6-4CDE-4B0A-A17E-B802774E37E4}.Debug|Any CPU.Build.0 = Debug|Any CPU
		{70F994C6-4CDE-4B0A-A17E-B802774E37E4}.Release|Any CPU.ActiveCfg = Release|Any CPU
		{70F994C6-4CDE-4B0A-A17E-B802774E37E4}.Release|Any CPU.Build.0 = Release|Any CPU
	EndGlobalSection
	GlobalSection(SolutionProperties) = preSolution
		HideSolutionNode = FALSE
	EndGlobalSection
	GlobalSection(ExtensibilityGlobals) = postSolution
		SolutionGuid = {7292B325-322D-407B-A36C-73140C12ED6C}
	EndGlobalSection
EndGlobal
